<?xml version="1.0" encoding="utf-8"?>
<Project ToolsVersion="4.0" xmlns="http://schemas.microsoft.com/developer/msbuild/2003">
  <ItemGroup>
    <Filter Include="Source Files">
      <UniqueIdentifier>{4FC737F1-C7A5-4376-A066-2A32D752A2FF}</UniqueIdentifier>
      <Extensions>cpp;c;cc;cxx;c++;cppm;ixx;def;odl;idl;hpj;bat;asm;asmx;h</Extensions>
    </Filter>
    <Filter Include="Source Files\Screens">
      <UniqueIdentifier>{7d4a91bf-64b7-4efa-beee-585ca2a84b43}</UniqueIdentifier>
    </Filter>
    <Filter Include="pch">
      <UniqueIdentifier>{a7482995-4b7a-40fc-aac2-13fb89b4ddc6}</UniqueIdentifier>
    </Filter>
    <Filter Include="Source Files\Core">
      <UniqueIdentifier>{c5d35db0-8435-45b8-88eb-3213502cafde}</UniqueIdentifier>
    </Filter>
    <Filter Include="Source Files\Core\Manager">
      <UniqueIdentifier>{ae7c9620-de64-4107-baa0-66a41c9a7fe7}</UniqueIdentifier>
    </Filter>
    <Filter Include="Source Files\Core\Kinematics">
      <UniqueIdentifier>{e21de479-8885-4c02-913e-08fdfbe30441}</UniqueIdentifier>
    </Filter>
    <Filter Include="Source Files\Core\Util">
      <UniqueIdentifier>{fe33d329-3de8-4b7a-b177-b8d31cc6ef47}</UniqueIdentifier>
    </Filter>
    <Filter Include="Source Files\Core\Shape">
      <UniqueIdentifier>{1d164694-b993-4d5c-88ac-26112e9b3aa2}</UniqueIdentifier>
    </Filter>
    <Filter Include="Source Files\Level">
      <UniqueIdentifier>{c6fee6fb-5faa-490f-b213-bc3e95f6bf68}</UniqueIdentifier>
    </Filter>
    <Filter Include="Source Files\Core\Object">
      <UniqueIdentifier>{ff65c284-6cbe-4372-9d53-901b5f221dab}</UniqueIdentifier>
    </Filter>
    <Filter Include="Source Files\Core\Render">
      <UniqueIdentifier>{bd242535-8a26-4180-9d49-9284bc9713c9}</UniqueIdentifier>
    </Filter>
    <Filter Include="Source Files\Core\Render\Particle">
      <UniqueIdentifier>{0c77bc9e-333e-4804-b7e2-9e08553ea304}</UniqueIdentifier>
    </Filter>
    <Filter Include="Source Files\Core\Render\World">
      <UniqueIdentifier>{cc29101d-d5b1-42d5-96b6-73ce776a178d}</UniqueIdentifier>
    </Filter>
    <Filter Include="Source Files\Core\Render\Texture">
      <UniqueIdentifier>{0290a299-9676-4243-9662-f128c33ecc23}</UniqueIdentifier>
    </Filter>
    <Filter Include="Source Files\Level\EditorTool">
      <UniqueIdentifier>{fe0ce7ce-3bc1-4000-9f80-f3b5308764c2}</UniqueIdentifier>
    </Filter>
    <Filter Include="Source Files\Object">
      <UniqueIdentifier>{ec8a92e3-7bc0-4375-86a1-c5b0c4a3678e}</UniqueIdentifier>
    </Filter>
    <Filter Include="Source Files\Object\Collectable">
      <UniqueIdentifier>{952fcc7a-5ef7-4b3d-9a50-b3df5e72dfbe}</UniqueIdentifier>
    </Filter>
    <Filter Include="Source Files\Object\Player">
      <UniqueIdentifier>{3b4f960d-5642-474c-9747-50dbff1a4c03}</UniqueIdentifier>
    </Filter>
    <Filter Include="Source Files\Object\Interactable">
      <UniqueIdentifier>{226c5568-1973-48c1-aaae-f218314d156d}</UniqueIdentifier>
    </Filter>
    <Filter Include="Source Files\Object\Danger">
      <UniqueIdentifier>{75c23c6c-e061-4060-b3cb-6bf6234d1066}</UniqueIdentifier>
    </Filter>
    <Filter Include="Source Files\Object\Other">
      <UniqueIdentifier>{2e130e5e-f961-4179-b7ac-7b137ca601cd}</UniqueIdentifier>
    </Filter>
  </ItemGroup>
  <ItemGroup>
    <ClCompile Include="MenuScreen.cpp">
      <Filter>Source Files\Screens</Filter>
    </ClCompile>
    <ClCompile Include="ScreenManager.cpp">
      <Filter>Source Files\Core\Manager</Filter>
    </ClCompile>
    <ClCompile Include="TextureManager.cpp">
      <Filter>Source Files\Core\Manager</Filter>
    </ClCompile>
    <ClCompile Include="EditorScreen.cpp">
      <Filter>Source Files\Screens</Filter>
    </ClCompile>
    <ClCompile Include="LoadingScreen.cpp">
      <Filter>Source Files\Screens</Filter>
    </ClCompile>
    <ClCompile Include="pch.cpp">
      <Filter>pch</Filter>
    </ClCompile>
    <ClCompile Include="ResourceUtils.cpp">
      <Filter>Source Files\Core\Util</Filter>
    </ClCompile>
    <ClCompile Include="MathUtils.cpp">
      <Filter>Source Files\Core\Util</Filter>
    </ClCompile>
    <ClCompile Include="CircleShape.cpp">
      <Filter>Source Files\Core\Shape</Filter>
    </ClCompile>
    <ClCompile Include="Shape.cpp">
      <Filter>Source Files\Core\Shape</Filter>
    </ClCompile>
    <ClCompile Include="RectangleShape.cpp">
      <Filter>Source Files\Core\Shape</Filter>
    </ClCompile>
    <ClCompile Include="ParticleEmitter.cpp">
      <Filter>Source Files\Core\Render\Particle</Filter>
    </ClCompile>
    <ClCompile Include="Game.cpp">
      <Filter>Source Files\Core</Filter>
    </ClCompile>
    <ClCompile Include="Player.cpp">
      <Filter>Source Files\Object\Player</Filter>
    </ClCompile>
    <ClCompile Include="Hair.cpp">
      <Filter>Source Files\Object\Player</Filter>
    </ClCompile>
    <ClCompile Include="Joint.cpp">
      <Filter>Source Files\Core\Kinematics</Filter>
    </ClCompile>
    <ClCompile Include="Limb.cpp">
      <Filter>Source Files\Core\Kinematics</Filter>
    </ClCompile>
    <ClCompile Include="Particle.cpp">
      <Filter>Source Files\Core\Render\Particle</Filter>
    </ClCompile>
    <ClCompile Include="Level.cpp">
      <Filter>Source Files\Level</Filter>
    </ClCompile>
    <ClCompile Include="ObjectManager.cpp">
      <Filter>Source Files\Core\Manager</Filter>
    </ClCompile>
    <ClCompile Include="ObjectBlueprint.cpp">
      <Filter>Source Files\Core\Object</Filter>
    </ClCompile>
    <ClCompile Include="ParallaxBackground.cpp">
      <Filter>Source Files\Core\Render\World</Filter>
    </ClCompile>
    <ClCompile Include="Camera.cpp">
      <Filter>Source Files\Core\Render</Filter>
    </ClCompile>
    <ClCompile Include="Sprite.cpp">
      <Filter>Source Files\Core\Render\Texture</Filter>
    </ClCompile>
    <ClCompile Include="Tilemap.cpp">
      <Filter>Source Files\Core\Render\Texture</Filter>
    </ClCompile>
    <ClCompile Include="PlayingScreen.cpp">
      <Filter>Source Files\Screens</Filter>
    </ClCompile>
    <ClCompile Include="GameObject.cpp">
      <Filter>Source Files\Core\Object</Filter>
    </ClCompile>
    <ClCompile Include="AlgoUtils.cpp">
      <Filter>Source Files\Core\Util</Filter>
    </ClCompile>
    <ClCompile Include="ObjectFactory.cpp">
      <Filter>Source Files\Core\Object</Filter>
    </ClCompile>
    <ClCompile Include="InputManager.cpp">
      <Filter>Source Files\Core\Manager</Filter>
    </ClCompile>
    <ClCompile Include="BinaryStream.cpp">
      <Filter>Source Files\Core\Util</Filter>
    </ClCompile>
    <ClCompile Include="EditTool.cpp">
      <Filter>Source Files\Level\EditorTool</Filter>
    </ClCompile>
    <ClCompile Include="TilemapTool.cpp">
      <Filter>Source Files\Level\EditorTool</Filter>
    </ClCompile>
    <ClCompile Include="CameraTool.cpp">
      <Filter>Source Files\Level\EditorTool</Filter>
    </ClCompile>
    <ClCompile Include="BackgroundTool.cpp">
      <Filter>Source Files\Level\EditorTool</Filter>
    </ClCompile>
    <ClCompile Include="RectangleTool.cpp">
      <Filter>Source Files\Level\EditorTool</Filter>
    </ClCompile>
    <ClCompile Include="ObjectTool.cpp">
      <Filter>Source Files\Level\EditorTool</Filter>
    </ClCompile>
    <ClCompile Include="Strawberry.cpp">
      <Filter>Source Files\Object\Collectable</Filter>
    </ClCompile>
    <ClCompile Include="DeathZoneTool.cpp">
      <Filter>Source Files\Level\EditorTool</Filter>
    </ClCompile>
    <ClCompile Include="DashRefill.cpp">
      <Filter>Source Files\Object\Collectable</Filter>
    </ClCompile>
    <ClCompile Include="CrumbleBlock.cpp">
      <Filter>Source Files\Object\Interactable</Filter>
    </ClCompile>
    <ClCompile Include="Spring.cpp">
      <Filter>Source Files\Object\Interactable</Filter>
    </ClCompile>
    <ClCompile Include="Spike.cpp">
      <Filter>Source Files\Object\Danger</Filter>
    </ClCompile>
    <ClCompile Include="Decal.cpp">
      <Filter>Source Files\Object\Other</Filter>
    </ClCompile>
    <ClCompile Include="Jumpthru.cpp">
      <Filter>Source Files\Object\Interactable</Filter>
    </ClCompile>
    <ClCompile Include="TrafficLight.cpp">
      <Filter>Source Files\Object\Interactable</Filter>
    </ClCompile>
    <ClCompile Include="Cassette.cpp">
      <Filter>Source Files\Object\Collectable</Filter>
    </ClCompile>
    <ClCompile Include="NoteBlock.cpp">
      <Filter>Source Files\Object\Interactable</Filter>
    </ClCompile>
    <ClCompile Include="CassetteAreaTool.cpp">
      <Filter>Source Files\Level\EditorTool</Filter>
    </ClCompile>
    <ClCompile Include="CheckPoint.cpp">
      <Filter>Source Files\Object\Other</Filter>
    </ClCompile>
    <ClCompile Include="main.cpp">
      <Filter>Source Files</Filter>
    </ClCompile>
  </ItemGroup>
  <ItemGroup>
    <ClInclude Include="TextureManager.h">
      <Filter>Source Files\Core\Manager</Filter>
    </ClInclude>
    <ClInclude Include="ScreenManager.h">
      <Filter>Source Files\Core\Manager</Filter>
    </ClInclude>
    <ClInclude Include="EditorScreen.h">
      <Filter>Source Files\Screens</Filter>
    </ClInclude>
    <ClInclude Include="LoadingScreen.h">
      <Filter>Source Files\Screens</Filter>
    </ClInclude>
    <ClInclude Include="MenuScreen.h">
      <Filter>Source Files\Screens</Filter>
    </ClInclude>
    <ClInclude Include="pch.h">
      <Filter>pch</Filter>
    </ClInclude>
    <ClInclude Include="ResourceUtils.h">
      <Filter>Source Files\Core\Util</Filter>
    </ClInclude>
    <ClInclude Include="MathUtils.h">
      <Filter>Source Files\Core\Util</Filter>
    </ClInclude>
    <ClInclude Include="CircleShape.h">
      <Filter>Source Files\Core\Shape</Filter>
    </ClInclude>
    <ClInclude Include="Shape.h">
      <Filter>Source Files\Core\Shape</Filter>
    </ClInclude>
    <ClInclude Include="RectangleShape.h">
      <Filter>Source Files\Core\Shape</Filter>
    </ClInclude>
    <ClInclude Include="ParticleEmitter.h">
      <Filter>Source Files\Core\Render\Particle</Filter>
    </ClInclude>
    <ClInclude Include="Game.h">
      <Filter>Source Files\Core</Filter>
    </ClInclude>
    <ClInclude Include="Player.h">
      <Filter>Source Files\Object\Player</Filter>
    </ClInclude>
    <ClInclude Include="Hair.h">
      <Filter>Source Files\Object\Player</Filter>
    </ClInclude>
    <ClInclude Include="Joint.h">
      <Filter>Source Files\Core\Kinematics</Filter>
    </ClInclude>
    <ClInclude Include="Limb.h">
      <Filter>Source Files\Core\Kinematics</Filter>
    </ClInclude>
    <ClInclude Include="Particle.h">
      <Filter>Source Files\Core\Render\Particle</Filter>
    </ClInclude>
    <ClInclude Include="Level.h">
      <Filter>Source Files\Level</Filter>
    </ClInclude>
    <ClInclude Include="GameObject.h">
      <Filter>Source Files\Core\Object</Filter>
    </ClInclude>
    <ClInclude Include="ObjectManager.h">
      <Filter>Source Files\Core\Manager</Filter>
    </ClInclude>
    <ClInclude Include="ObjectBlueprint.h">
      <Filter>Source Files\Core\Object</Filter>
    </ClInclude>
    <ClInclude Include="ParallaxBackground.h">
      <Filter>Source Files\Core\Render\World</Filter>
    </ClInclude>
    <ClInclude Include="Camera.h">
      <Filter>Source Files\Core\Render</Filter>
    </ClInclude>
    <ClInclude Include="Tilemap.h">
      <Filter>Source Files\Core\Render\Texture</Filter>
    </ClInclude>
    <ClInclude Include="Sprite.h">
      <Filter>Source Files\Core\Render\Texture</Filter>
    </ClInclude>
    <ClInclude Include="PlayingScreen.h">
      <Filter>Source Files\Screens</Filter>
    </ClInclude>
    <ClInclude Include="AlgoUtils.h">
      <Filter>Source Files\Core\Util</Filter>
    </ClInclude>
    <ClInclude Include="ObjectFactory.h">
      <Filter>Source Files\Core\Object</Filter>
    </ClInclude>
    <ClInclude Include="InputManager.h">
      <Filter>Source Files\Core\Manager</Filter>
    </ClInclude>
    <ClInclude Include="BinaryStream.h">
      <Filter>Source Files\Core\Util</Filter>
    </ClInclude>
    <ClInclude Include="EditTool.h">
      <Filter>Source Files\Level\EditorTool</Filter>
    </ClInclude>
    <ClInclude Include="TilemapTool.h">
      <Filter>Source Files\Level\EditorTool</Filter>
    </ClInclude>
    <ClInclude Include="CameraTool.h">
      <Filter>Source Files\Level\EditorTool</Filter>
    </ClInclude>
    <ClInclude Include="BackgroundTool.h">
      <Filter>Source Files\Level\EditorTool</Filter>
    </ClInclude>
    <ClInclude Include="RectangleTool.h">
      <Filter>Source Files\Level\EditorTool</Filter>
    </ClInclude>
    <ClInclude Include="ObjectTool.h">
      <Filter>Source Files\Level\EditorTool</Filter>
    </ClInclude>
    <ClInclude Include="Strawberry.h">
      <Filter>Source Files\Object\Collectable</Filter>
    </ClInclude>
    <ClInclude Include="DeathZoneTool.h">
      <Filter>Source Files\Level\EditorTool</Filter>
    </ClInclude>
    <ClInclude Include="DashRefill.h">
      <Filter>Source Files\Object\Collectable</Filter>
    </ClInclude>
    <ClInclude Include="CrumbleBlock.h">
      <Filter>Source Files\Object\Interactable</Filter>
    </ClInclude>
    <ClInclude Include="Spring.h">
      <Filter>Source Files\Object\Interactable</Filter>
    </ClInclude>
    <ClInclude Include="Spike.h">
      <Filter>Source Files\Object\Danger</Filter>
    </ClInclude>
    <ClInclude Include="Decal.h">
      <Filter>Source Files\Object\Other</Filter>
    </ClInclude>
    <ClInclude Include="Jumpthru.h">
      <Filter>Source Files\Object\Interactable</Filter>
    </ClInclude>
    <ClInclude Include="TrafficLight.h">
      <Filter>Source Files\Object\Interactable</Filter>
    </ClInclude>
    <ClInclude Include="Cassette.h">
      <Filter>Source Files\Object\Collectable</Filter>
    </ClInclude>
    <ClInclude Include="NoteBlock.h">
      <Filter>Source Files\Object\Interactable</Filter>
    </ClInclude>
    <ClInclude Include="CassetteAreaTool.h">
      <Filter>Source Files\Level\EditorTool</Filter>
    </ClInclude>
    <ClInclude Include="CheckPoint.h">
      <Filter>Source Files\Object\Other</Filter>
    </ClInclude>
    <ClInclude Include="GameDefines.h">
      <Filter>Source Files</Filter>
    </ClInclude>
  </ItemGroup>
</Project>